
Microsoft Visual Studio Solution File, Format Version 12.00
# Visual Studio Version 17
VisualStudioVersion = 17.3.32901.215
MinimumVisualStudioVersion = 10.0.40219.1
Project("{FAE04EC0-301F-11D3-BF4B-00C04F79EFBC}") = "EFCC", "EFCC.csproj", "{D47E870C-FD82-4603-844D-81FE15D31DA8}"
EndProject
Global
	GlobalSection(SolutionConfigurationPlatforms) = preSolution
		Debug|Any CPU = Debug|Any CPU
		Release|Any CPU = Release|Any CPU
	EndGlobalSection
	GlobalSection(ProjectConfigurationPlatforms) = postSolution
		{D47E870C-FD82-4603-844D-81FE15D31DA8}.Debug|Any CPU.ActiveCfg = Debug|Any CPU
		{D47E870C-FD82-4603-844D-81FE15D31DA8}.Debug|Any CPU.Build.0 = Debug|Any CPU
		{D47E870C-FD82-4603-844D-81FE15D31DA8}.Release|Any CPU.ActiveCfg = Release|Any CPU
		{D47E870C-FD82-4603-844D-81FE15D31DA8}.Release|Any CPU.Build.0 = Release|Any CPU
	EndGlobalSection
	GlobalSection(SolutionProperties) = preSolution
		HideSolutionNode = FALSE
	EndGlobalSection
	GlobalSection(ExtensibilityGlobals) = postSolution
		SolutionGuid = {A35B3BCA-595A-407E-8A8B-A56A5FD17A72}
	EndGlobalSection
EndGlobal
